{
  "name": "@dojo/web-editor",
  "version": "2.0.0-pre",
  "lockfileVersion": 1,
  "requires": true,
  "dependencies": {
    "@dojo/core": {
      "version": "0.1.0",
      "resolved": "https://registry.npmjs.org/@dojo/core/-/core-0.1.0.tgz",
      "integrity": "sha512-boiwQHfV7idOZfZnDzgLrofS2LA7ELGKjd6tl0/hLBunJ3psozAd4CpNcT7XC00/OPYFIxVHFEpI+FZNlpUgfw=="
    },
    "@dojo/has": {
      "version": "0.1.0",
      "resolved": "https://registry.npmjs.org/@dojo/has/-/has-0.1.0.tgz",
      "integrity": "sha512-orYLbYVTcqNpZBmPNRlidUyCn/WuV4jV4JvTAy4Je/zQq9m9Nb8gK+8X7/iOUjSJbP1+vv1ld9Q3932IGC1IyA=="
    },
    "@dojo/loader": {
      "version": "0.1.0",
      "resolved": "https://registry.npmjs.org/@dojo/loader/-/loader-0.1.0.tgz",
      "integrity": "sha512-3qoMKkewhIUqV99JzGiAkXdJuT3HUQkSviYut9828Cv4uKOqKqnb6znE8ofZhaAuv25ZU9anHTPiC8fepONfVQ=="
    },
    "@dojo/routing": {
      "version": "0.1.0",
      "resolved": "https://registry.npmjs.org/@dojo/routing/-/routing-0.1.0.tgz",
      "integrity": "sha512-n4lmbbVC+3r2+VTf8CneTqByV5WB9bbbvlyS+HFt9EZQGyh+IbmYPZD9L9S76lMKKp3Pwk10c7z/1iG+RsDuMA=="
    },
    "@dojo/shim": {
      "version": "0.1.0",
      "resolved": "https://registry.npmjs.org/@dojo/shim/-/shim-0.1.0.tgz",
      "integrity": "sha512-008RP8DB175ib26dde7wQWFiYIbSACFaArLdLHYdY/cQLN9s3yVj2Gtp5C/9YoY3Ziy9wA241myOjy6QcVHcWw=="
    },
    "@dojo/widget-core": {
      "version": "0.1.0",
      "resolved": "https://registry.npmjs.org/@dojo/widget-core/-/widget-core-0.1.0.tgz",
      "integrity": "sha512-/g3KAXuK5MkveDsHwrgwBCKXtmVN69nhD2XA2NvZ5P985TgUcIWxkwggHKXG4S4JBa5308BaQEy7j0FuscK2bA==",
      "requires": {
        "intersection-observer": "0.4.2",
        "maquette": "2.5.4",
        "pepjs": "0.4.3"
      }
    },
    "@dojo/widgets": {
      "version": "0.1.0",
      "resolved": "https://registry.npmjs.org/@dojo/widgets/-/widgets-0.1.0.tgz",
      "integrity": "sha1-+pq9Amhi+8ppPxqQnuBeXqJXFg0="
    },
    "intersection-observer": {
      "version": "0.4.2",
      "resolved": "https://registry.npmjs.org/intersection-observer/-/intersection-observer-0.4.2.tgz",
      "integrity": "sha512-SFGCL4d6A7J+aXNHTx94zV7ydngTKraDBvoJjn5iGgsXYhXgAXIYj8i3ewJoO80BRB7qtBB3sBlrdGNwTktzLg=="
    },
    "maquette": {
      "version": "2.5.4",
      "resolved": "https://registry.npmjs.org/maquette/-/maquette-2.5.4.tgz",
      "integrity": "sha512-E7bciJ2sJxYPufjXZKHlxnrvcdo5okqLmJcvz0sWb5TLVN/M+aKt/epCQNGHBzYYZnx+3b4Ja+49BzpNJKBQGQ=="
    },
    "monaco-editor": {
      "version": "0.10.1",
      "resolved": "https://registry.npmjs.org/monaco-editor/-/monaco-editor-0.10.1.tgz",
      "integrity": "sha1-jJbE8VtrUli/ksvek8rYp+MAfhQ="
    },
    "pepjs": {
      "version": "0.4.3",
      "resolved": "https://registry.npmjs.org/pepjs/-/pepjs-0.4.3.tgz",
      "integrity": "sha1-FggOlwqud5kTdWwtrviOqnSG30E="
    },
    "source-map": {
      "version": "0.5.7",
      "resolved": "https://registry.npmjs.org/source-map/-/source-map-0.5.7.tgz",
      "integrity": "sha1-igOdLRAh0i0eoUyA2OpGi6LvP8w="
    }
  }
}
